
Microsoft Visual Studio Solution File, Format Version 12.00
# Visual Studio Version 16
VisualStudioVersion = 16.0.29318.209
MinimumVisualStudioVersion = 10.0.40219.1
Project("{FAE04EC0-301F-11D3-BF4B-00C04F79EFBC}") = "ReferenceSwitcher", "VSIXProject1\ReferenceSwitcher.csproj", "{9D53F4B0-A2A3-4E8D-9E99-E102E1FE9005}"
EndProject
Global
	GlobalSection(SolutionConfigurationPlatforms) = preSolution
		Debug|Any CPU = Debug|Any CPU
		MonoDebug|Any CPU = MonoDebug|Any CPU
		MonoRelease|Any CPU = MonoRelease|Any CPU
		Release|Any CPU = Release|Any CPU
	EndGlobalSection
	GlobalSection(ProjectConfigurationPlatforms) = postSolution
		{9D53F4B0-A2A3-4E8D-9E99-E102E1FE9005}.Debug|Any CPU.ActiveCfg = Debug|Any CPU
		{9D53F4B0-A2A3-4E8D-9E99-E102E1FE9005}.Debug|Any CPU.Build.0 = Debug|Any CPU
		{9D53F4B0-A2A3-4E8D-9E99-E102E1FE9005}.MonoDebug|Any CPU.ActiveCfg = Debug|Any CPU
		{9D53F4B0-A2A3-4E8D-9E99-E102E1FE9005}.MonoDebug|Any CPU.Build.0 = Debug|Any CPU
		{9D53F4B0-A2A3-4E8D-9E99-E102E1FE9005}.MonoRelease|Any CPU.ActiveCfg = Release|Any CPU
		{9D53F4B0-A2A3-4E8D-9E99-E102E1FE9005}.MonoRelease|Any CPU.Build.0 = Release|Any CPU
		{9D53F4B0-A2A3-4E8D-9E99-E102E1FE9005}.Release|Any CPU.ActiveCfg = Release|Any CPU
		{9D53F4B0-A2A3-4E8D-9E99-E102E1FE9005}.Release|Any CPU.Build.0 = Release|Any CPU
	EndGlobalSection
	GlobalSection(SolutionProperties) = preSolution
		HideSolutionNode = FALSE
	EndGlobalSection
	GlobalSection(ExtensibilityGlobals) = postSolution
		SolutionGuid = {273DA149-3A3D-468D-A950-F5D5B518F81C}
	EndGlobalSection
EndGlobal
